
Microsoft Visual Studio Solution File, Format Version 12.00
# Visual Studio Version 16
VisualStudioVersion = 16.0.30406.217
MinimumVisualStudioVersion = 10.0.40219.1
Project("{FAE04EC0-301F-11D3-BF4B-00C04F79EFBC}") = "SWAPIDemo", "SWAPIHelper\SWAPIDemo.csproj", "{7FBF5162-0F6F-4B2C-9AC0-2AA24726F404}"
EndProject
Global
	GlobalSection(SolutionConfigurationPlatforms) = preSolution
		Debug|Any CPU = Debug|Any CPU
		Release|Any CPU = Release|Any CPU
	EndGlobalSection
	GlobalSection(ProjectConfigurationPlatforms) = postSolution
		{7FBF5162-0F6F-4B2C-9AC0-2AA24726F404}.Debug|Any CPU.ActiveCfg = Debug|Any CPU
		{7FBF5162-0F6F-4B2C-9AC0-2AA24726F404}.Debug|Any CPU.Build.0 = Debug|Any CPU
		{7FBF5162-0F6F-4B2C-9AC0-2AA24726F404}.Release|Any CPU.ActiveCfg = Release|Any CPU
		{7FBF5162-0F6F-4B2C-9AC0-2AA24726F404}.Release|Any CPU.Build.0 = Release|Any CPU
	EndGlobalSection
	GlobalSection(SolutionProperties) = preSolution
		HideSolutionNode = FALSE
	EndGlobalSection
	GlobalSection(ExtensibilityGlobals) = postSolution
		SolutionGuid = {2EDD17BA-644B-4C07-8D5E-01D75F737890}
	EndGlobalSection
EndGlobal
